
Microsoft Visual Studio Solution File, Format Version 12.00
# Visual Studio Version 16
VisualStudioVersion = 16.0.31129.286
MinimumVisualStudioVersion = 10.0.40219.1
Project("{FAE04EC0-301F-11D3-BF4B-00C04F79EFBC}") = "CryptAPI", "CryptAPI\CryptAPI.csproj", "{69DBF6C4-4331-457E-83FC-975345D12AE3}"
EndProject
Global
	GlobalSection(SolutionConfigurationPlatforms) = preSolution
		Debug|Any CPU = Debug|Any CPU
		Release|Any CPU = Release|Any CPU
	EndGlobalSection
	GlobalSection(ProjectConfigurationPlatforms) = postSolution
		{69DBF6C4-4331-457E-83FC-975345D12AE3}.Debug|Any CPU.ActiveCfg = Debug|Any CPU
		{69DBF6C4-4331-457E-83FC-975345D12AE3}.Debug|Any CPU.Build.0 = Debug|Any CPU
		{69DBF6C4-4331-457E-83FC-975345D12AE3}.Release|Any CPU.ActiveCfg = Release|Any CPU
		{69DBF6C4-4331-457E-83FC-975345D12AE3}.Release|Any CPU.Build.0 = Release|Any CPU
	EndGlobalSection
	GlobalSection(SolutionProperties) = preSolution
		HideSolutionNode = FALSE
	EndGlobalSection
	GlobalSection(ExtensibilityGlobals) = postSolution
		SolutionGuid = {708671DE-C3C2-4223-B3F1-69A552161EE4}
	EndGlobalSection
EndGlobal
